
Microsoft Visual Studio Solution File, Format Version 12.00
# Visual Studio Version 17
VisualStudioVersion = 17.4.33205.214
MinimumVisualStudioVersion = 10.0.40219.1
Project("{9A19103F-16F7-4668-BE54-9A1E7A4F7556}") = "E-CommTask.Api", "E-CommTask.Api.csproj", "{A9EBB4DA-B8AF-48BF-87A3-A8D2D3A81CA9}"
EndProject
Project("{9A19103F-16F7-4668-BE54-9A1E7A4F7556}") = "E-CommTask.Data", "..\E-CommTask.Data\E-CommTask.Data.csproj", "{4785E689-9433-408C-8AAD-B0027ADDD212}"
EndProject
Global
	GlobalSection(SolutionConfigurationPlatforms) = preSolution
		Debug|Any CPU = Debug|Any CPU
		Release|Any CPU = Release|Any CPU
	EndGlobalSection
	GlobalSection(ProjectConfigurationPlatforms) = postSolution
		{A9EBB4DA-B8AF-48BF-87A3-A8D2D3A81CA9}.Debug|Any CPU.ActiveCfg = Debug|Any CPU
		{A9EBB4DA-B8AF-48BF-87A3-A8D2D3A81CA9}.Debug|Any CPU.Build.0 = Debug|Any CPU
		{A9EBB4DA-B8AF-48BF-87A3-A8D2D3A81CA9}.Release|Any CPU.ActiveCfg = Release|Any CPU
		{A9EBB4DA-B8AF-48BF-87A3-A8D2D3A81CA9}.Release|Any CPU.Build.0 = Release|Any CPU
		{4785E689-9433-408C-8AAD-B0027ADDD212}.Debug|Any CPU.ActiveCfg = Debug|Any CPU
		{4785E689-9433-408C-8AAD-B0027ADDD212}.Debug|Any CPU.Build.0 = Debug|Any CPU
		{4785E689-9433-408C-8AAD-B0027ADDD212}.Release|Any CPU.ActiveCfg = Release|Any CPU
		{4785E689-9433-408C-8AAD-B0027ADDD212}.Release|Any CPU.Build.0 = Release|Any CPU
	EndGlobalSection
	GlobalSection(SolutionProperties) = preSolution
		HideSolutionNode = FALSE
	EndGlobalSection
	GlobalSection(ExtensibilityGlobals) = postSolution
		SolutionGuid = {268AC3D0-42F4-4516-AE91-90830F898858}
	EndGlobalSection
EndGlobal
